# This file is generated by running "yarn install" inside your project.
# Manual changes might be lost - proceed with caution!

__metadata:
  version: 8
  cacheKey: 10

"@nitra/cspell-dict@npm:^1.0.135":
  version: 1.0.135
  resolution: "@nitra/cspell-dict@npm:1.0.135"
  checksum: 10/5defb6e2f9875025cd6f930639072ae7672448da83eafa8ae0cf1129e4aa97f872ef9c4e1329f1b921b8d634a220eb5928929cf2dcf1a5ae78f8f0b3d596a0a1
  languageName: node
  linkType: hard

"@nitra/gcp-metadata@workspace:^, @nitra/gcp-metadata@workspace:npm":
  version: 0.0.0-use.local
  resolution: "@nitra/gcp-metadata@workspace:npm"
  dependencies:
    gcp-metadata: "npm:^6.1.0"
  languageName: unknown
  linkType: soft

"@nitra/prettier-config@npm:^1.0.1":
  version: 1.0.1
  resolution: "@nitra/prettier-config@npm:1.0.1"
  checksum: 10/e058fa97c025f33bd1a75444013f7ce9e4a5f52f7a7837c3b1d1b0c406de1dd1868990270223799b597a860522407702317291221deb48a3bc688cdaf7030495
  languageName: node
  linkType: hard

"agent-base@npm:^7.0.2":
  version: 7.1.1
  resolution: "agent-base@npm:7.1.1"
  dependencies:
    debug: "npm:^4.3.4"
  checksum: 10/c478fec8f79953f118704d007a38f2a185458853f5c45579b9669372bd0e12602e88dc2ad0233077831504f7cd6fcc8251c383375bba5eaaf563b102938bda26
  languageName: node
  linkType: hard

"bignumber.js@npm:^9.0.0":
  version: 9.1.2
  resolution: "bignumber.js@npm:9.1.2"
  checksum: 10/d89b8800a987225d2c00dcbf8a69dc08e92aa0880157c851c287b307d31ceb2fc2acb0c62c3e3a3d42b6c5fcae9b004035f13eb4386e56d529d7edac18d5c9d8
  languageName: node
  linkType: hard

"debug@npm:4, debug@npm:^4.3.4":
  version: 4.3.4
  resolution: "debug@npm:4.3.4"
  dependencies:
    ms: "npm:2.1.2"
  peerDependenciesMeta:
    supports-color:
      optional: true
  checksum: 10/0073c3bcbd9cb7d71dd5f6b55be8701af42df3e56e911186dfa46fac3a5b9eb7ce7f377dd1d3be6db8977221f8eb333d945216f645cf56f6b688cd484837d255
  languageName: node
  linkType: hard

"demo@workspace:demo":
  version: 0.0.0-use.local
  resolution: "demo@workspace:demo"
  dependencies:
    "@nitra/gcp-metadata": "workspace:^"
  languageName: unknown
  linkType: soft

"extend@npm:^3.0.2":
  version: 3.0.2
  resolution: "extend@npm:3.0.2"
  checksum: 10/59e89e2dc798ec0f54b36d82f32a27d5f6472c53974f61ca098db5d4648430b725387b53449a34df38fd0392045434426b012f302b3cc049a6500ccf82877e4e
  languageName: node
  linkType: hard

"gaxios@npm:^6.0.0":
  version: 6.6.0
  resolution: "gaxios@npm:6.6.0"
  dependencies:
    extend: "npm:^3.0.2"
    https-proxy-agent: "npm:^7.0.1"
    is-stream: "npm:^2.0.0"
    node-fetch: "npm:^2.6.9"
    uuid: "npm:^9.0.1"
  checksum: 10/9f035590374fd168e7bb3ddda369fc8bd487f16a2308fde18284ccc0f685d0af4ac5e3e38d680a8c6342a9000fbf9d77ce691ee110dbed2feebb659e729c640a
  languageName: node
  linkType: hard

"gcp-metadata@npm:^6.1.0":
  version: 6.1.0
  resolution: "gcp-metadata@npm:6.1.0"
  dependencies:
    gaxios: "npm:^6.0.0"
    json-bigint: "npm:^1.0.0"
  checksum: 10/a0d12a9cb7499fdb9de0fff5406aa220310c1326b80056be8d9b747aae26414f99d14bd795c0ec52ef7d0473eef9d61bb657b8cd3d8186c8a84c4ddbff025fe9
  languageName: node
  linkType: hard

"https-proxy-agent@npm:^7.0.1":
  version: 7.0.4
  resolution: "https-proxy-agent@npm:7.0.4"
  dependencies:
    agent-base: "npm:^7.0.2"
    debug: "npm:4"
  checksum: 10/405fe582bba461bfe5c7e2f8d752b384036854488b828ae6df6a587c654299cbb2c50df38c4b6ab303502c3c5e029a793fbaac965d1e86ee0be03faceb554d63
  languageName: node
  linkType: hard

"is-stream@npm:^2.0.0":
  version: 2.0.1
  resolution: "is-stream@npm:2.0.1"
  checksum: 10/b8e05ccdf96ac330ea83c12450304d4a591f9958c11fd17bed240af8d5ffe08aedafa4c0f4cfccd4d28dc9d4d129daca1023633d5c11601a6cbc77521f6fae66
  languageName: node
  linkType: hard

"json-bigint@npm:^1.0.0":
  version: 1.0.0
  resolution: "json-bigint@npm:1.0.0"
  dependencies:
    bignumber.js: "npm:^9.0.0"
  checksum: 10/cd3973b88e5706f8f89d2a9c9431f206ef385bd5c584db1b258891a5e6642507c32316b82745239088c697f5ddfe967351e1731f5789ba7855aed56ad5f70e1f
  languageName: node
  linkType: hard

"ms@npm:2.1.2":
  version: 2.1.2
  resolution: "ms@npm:2.1.2"
  checksum: 10/673cdb2c3133eb050c745908d8ce632ed2c02d85640e2edb3ace856a2266a813b30c613569bf3354fdf4ea7d1a1494add3bfa95e2713baa27d0c2c71fc44f58f
  languageName: node
  linkType: hard

"nitra-gcp-metadata@workspace:.":
  version: 0.0.0-use.local
  resolution: "nitra-gcp-metadata@workspace:."
  dependencies:
    "@nitra/cspell-dict": "npm:^1.0.135"
    "@nitra/prettier-config": "npm:^1.0.1"
  languageName: unknown
  linkType: soft

"node-fetch@npm:^2.6.9":
  version: 2.7.0
  resolution: "node-fetch@npm:2.7.0"
  dependencies:
    whatwg-url: "npm:^5.0.0"
  peerDependencies:
    encoding: ^0.1.0
  peerDependenciesMeta:
    encoding:
      optional: true
  checksum: 10/b24f8a3dc937f388192e59bcf9d0857d7b6940a2496f328381641cb616efccc9866e89ec43f2ec956bbd6c3d3ee05524ce77fe7b29ccd34692b3a16f237d6676
  languageName: node
  linkType: hard

"tr46@npm:~0.0.3":
  version: 0.0.3
  resolution: "tr46@npm:0.0.3"
  checksum: 10/8f1f5aa6cb232f9e1bdc86f485f916b7aa38caee8a778b378ffec0b70d9307873f253f5cbadbe2955ece2ac5c83d0dc14a77513166ccd0a0c7fe197e21396695
  languageName: node
  linkType: hard

"uuid@npm:^9.0.1":
  version: 9.0.1
  resolution: "uuid@npm:9.0.1"
  bin:
    uuid: dist/bin/uuid
  checksum: 10/9d0b6adb72b736e36f2b1b53da0d559125ba3e39d913b6072f6f033e0c87835b414f0836b45bcfaf2bdf698f92297fea1c3cc19b0b258bc182c9c43cc0fab9f2
  languageName: node
  linkType: hard

"webidl-conversions@npm:^3.0.0":
  version: 3.0.1
  resolution: "webidl-conversions@npm:3.0.1"
  checksum: 10/b65b9f8d6854572a84a5c69615152b63371395f0c5dcd6729c45789052296df54314db2bc3e977df41705eacb8bc79c247cee139a63fa695192f95816ed528ad
  languageName: node
  linkType: hard

"whatwg-url@npm:^5.0.0":
  version: 5.0.0
  resolution: "whatwg-url@npm:5.0.0"
  dependencies:
    tr46: "npm:~0.0.3"
    webidl-conversions: "npm:^3.0.0"
  checksum: 10/f95adbc1e80820828b45cc671d97da7cd5e4ef9deb426c31bcd5ab00dc7103042291613b3ef3caec0a2335ed09e0d5ed026c940755dbb6d404e2b27f940fdf07
  languageName: node
  linkType: hard
